Microsoft Visual Studio Solution File, Format Version 11.00
# Visual Studio 2008

Project("{8C2CFADA-F2E9-7CA1-10C3-E2521474D332}") = "AI system", "Assembly-CSharp.csproj", "{F4D226B0-7B55-D25F-56A5-1B95F0218BAB}"
EndProject
Global
	GlobalSection(SolutionConfigurationPlatforms) = preSolution
		Debug|Any CPU = Debug|Any CPU
		Release|Any CPU = Release|Any CPU
	EndGlobalSection
	GlobalSection(ProjectConfigurationPlatforms) = postSolution
		{F4D226B0-7B55-D25F-56A5-1B95F0218BAB}.Debug|Any CPU.ActiveCfg = Debug|Any CPU
		{F4D226B0-7B55-D25F-56A5-1B95F0218BAB}.Debug|Any CPU.Build.0 = Debug|Any CPU
		{F4D226B0-7B55-D25F-56A5-1B95F0218BAB}.Release|Any CPU.ActiveCfg = Release|Any CPU
		{F4D226B0-7B55-D25F-56A5-1B95F0218BAB}.Release|Any CPU.Build.0 = Release|Any CPU
	EndGlobalSection
	GlobalSection(SolutionProperties) = preSolution
		HideSolutionNode = FALSE
	EndGlobalSection
	GlobalSection(MonoDevelopProperties) = preSolution
		StartupItem = Assembly-CSharp.csproj
	EndGlobalSection
EndGlobal
